
Microsoft Visual Studio Solution File, Format Version 11.00
# Visual Studio 2010
Project("{FAE04EC0-301F-11D3-BF4B-00C04F79EFBC}") = "LCD Emulator", "Emulator.csproj", "{BD2E7AC6-6F63-459F-A384-4A3C8A697FB7}"
EndProject
Global
	GlobalSection(SolutionConfigurationPlatforms) = preSolution
		Debug|Any CPU = Debug|Any CPU
		Debug|x86 = Debug|x86
		Release|Any CPU = Release|Any CPU
		Release|x86 = Release|x86
	EndGlobalSection
	GlobalSection(ProjectConfigurationPlatforms) = postSolution
		{BD2E7AC6-6F63-459F-A384-4A3C8A697FB7}.Debug|Any CPU.ActiveCfg = Debug|Any CPU
		{BD2E7AC6-6F63-459F-A384-4A3C8A697FB7}.Debug|Any CPU.Build.0 = Debug|Any CPU
		{BD2E7AC6-6F63-459F-A384-4A3C8A697FB7}.Debug|x86.ActiveCfg = Debug|x86
		{BD2E7AC6-6F63-459F-A384-4A3C8A697FB7}.Debug|x86.Build.0 = Debug|x86
		{BD2E7AC6-6F63-459F-A384-4A3C8A697FB7}.Release|Any CPU.ActiveCfg = Release|Any CPU
		{BD2E7AC6-6F63-459F-A384-4A3C8A697FB7}.Release|Any CPU.Build.0 = Release|Any CPU
		{BD2E7AC6-6F63-459F-A384-4A3C8A697FB7}.Release|x86.ActiveCfg = Release|x86
		{BD2E7AC6-6F63-459F-A384-4A3C8A697FB7}.Release|x86.Build.0 = Release|x86
	EndGlobalSection
	GlobalSection(SolutionProperties) = preSolution
		HideSolutionNode = FALSE
	EndGlobalSection
EndGlobal
